// !$*UTF8*$!
{
	archiveVersion = 1;
	classes = {
	};
	objectVersion = 46;
	objects = {

/* Begin PBXBuildFile section */
		2E0BE4DF1E6B4D3D00E08DC1 /* AppDelegate.swift in Sources */ = {isa = PBXBuildFile; fileRef = 2E0BE4DE1E6B4D3D00E08DC1 /* AppDelegate.swift */; };
		2E0BE4E61E6B4D3D00E08DC1 /* Assets.xcassets in Resources */ = {isa = PBXBuildFile; fileRef = 2E0BE4E51E6B4D3D00E08DC1 /* Assets.xcassets */; };
		2E0BE4E91E6B4D3D00E08DC1 /* LaunchScreen.storyboard in Resources */ = {isa = PBXBuildFile; fileRef = 2E0BE4E71E6B4D3D00E08DC1 /* LaunchScreen.storyboard */; };
		2E0BE4F41E6B4D3D00E08DC1 /* GroceriesTests.swift in Sources */ = {isa = PBXBuildFile; fileRef = 2E0BE4F31E6B4D3D00E08DC1 /* GroceriesTests.swift */; };
		2E0BE4FF1E6B4D3D00E08DC1 /* GroceriesUITests.swift in Sources */ = {isa = PBXBuildFile; fileRef = 2E0BE4FE1E6B4D3D00E08DC1 /* GroceriesUITests.swift */; };
		2E1996291EEB4BB0003ED39E /* SelectableTableViewCell.swift in Sources */ = {isa = PBXBuildFile; fileRef = 2E1996271EEB4BB0003ED39E /* SelectableTableViewCell.swift */; };
		2E19962A1EEB4BB0003ED39E /* SelectableTableViewCell.xib in Resources */ = {isa = PBXBuildFile; fileRef = 2E1996281EEB4BB0003ED39E /* SelectableTableViewCell.xib */; };
		2E1F8DF31F16D336008047BF /* RealmManager+Realms.swift in Sources */ = {isa = PBXBuildFile; fileRef = 2E1F8DF21F16D336008047BF /* RealmManager+Realms.swift */; };
		2E2415A91EEC6F500014CD40 /* InventoryItem.swift in Sources */ = {isa = PBXBuildFile; fileRef = 2E2415A81EEC6F500014CD40 /* InventoryItem.swift */; };
		2E2415AC1EEC78140014CD40 /* SelectItemViewController.swift in Sources */ = {isa = PBXBuildFile; fileRef = 2E2415AA1EEC78140014CD40 /* SelectItemViewController.swift */; };
		2E2415AD1EEC78140014CD40 /* SelectItemViewController.xib in Resources */ = {isa = PBXBuildFile; fileRef = 2E2415AB1EEC78140014CD40 /* SelectItemViewController.xib */; };
		2E2415AF1EEC7A920014CD40 /* StoreCategory.swift in Sources */ = {isa = PBXBuildFile; fileRef = 2E2415AE1EEC7A920014CD40 /* StoreCategory.swift */; };
		2E2415B41EEC81330014CD40 /* UIImage+Images.swift in Sources */ = {isa = PBXBuildFile; fileRef = 2E2415B31EEC81330014CD40 /* UIImage+Images.swift */; };
		2E2780761EEF47E000CD574C /* ListsViewController.swift in Sources */ = {isa = PBXBuildFile; fileRef = 2E2780741EEF47E000CD574C /* ListsViewController.swift */; };
		2E2780771EEF47E000CD574C /* ListsViewController.xib in Resources */ = {isa = PBXBuildFile; fileRef = 2E2780751EEF47E000CD574C /* ListsViewController.xib */; };
		2E27807A1EEF48F500CD574C /* ItemList.swift in Sources */ = {isa = PBXBuildFile; fileRef = 2E2780791EEF48F500CD574C /* ItemList.swift */; };
		2E27807D1EEF4CF200CD574C /* ListTableViewCell.swift in Sources */ = {isa = PBXBuildFile; fileRef = 2E27807B1EEF4CF200CD574C /* ListTableViewCell.swift */; };
		2E27807E1EEF4CF200CD574C /* ListTableViewCell.xib in Resources */ = {isa = PBXBuildFile; fileRef = 2E27807C1EEF4CF200CD574C /* ListTableViewCell.xib */; };
		2E4871CC1EAA637400601BDB /* URLSession+Request.swift in Sources */ = {isa = PBXBuildFile; fileRef = 2E4871CB1EAA637400601BDB /* URLSession+Request.swift */; };
		2E5404B61EE356B100CCDF3A /* HomeViewController.swift in Sources */ = {isa = PBXBuildFile; fileRef = 2E5404B41EE356B100CCDF3A /* HomeViewController.swift */; };
		2E5404B71EE356B100CCDF3A /* HomeViewController.xib in Resources */ = {isa = PBXBuildFile; fileRef = 2E5404B51EE356B100CCDF3A /* HomeViewController.xib */; };
		2E5404BA1EE356D300CCDF3A /* InventoryViewController.swift in Sources */ = {isa = PBXBuildFile; fileRef = 2E5404B81EE356D300CCDF3A /* InventoryViewController.swift */; };
		2E5404BB1EE356D300CCDF3A /* InventoryViewController.xib in Resources */ = {isa = PBXBuildFile; fileRef = 2E5404B91EE356D300CCDF3A /* InventoryViewController.xib */; };
		2E5404BE1EE356EE00CCDF3A /* AccountViewController.swift in Sources */ = {isa = PBXBuildFile; fileRef = 2E5404BC1EE356EE00CCDF3A /* AccountViewController.swift */; };
		2E5404BF1EE356EE00CCDF3A /* AccountViewController.xib in Resources */ = {isa = PBXBuildFile; fileRef = 2E5404BD1EE356EE00CCDF3A /* AccountViewController.xib */; };
		2E5404C21EE35F9300CCDF3A /* BaseTableViewCell.swift in Sources */ = {isa = PBXBuildFile; fileRef = 2E5404C01EE35F9300CCDF3A /* BaseTableViewCell.swift */; };
		2E5404C31EE35F9300CCDF3A /* BaseTableViewCell.xib in Resources */ = {isa = PBXBuildFile; fileRef = 2E5404C11EE35F9300CCDF3A /* BaseTableViewCell.xib */; };
		2E5404C61EE35FA000CCDF3A /* NestedCollectionTableViewCell.swift in Sources */ = {isa = PBXBuildFile; fileRef = 2E5404C41EE35FA000CCDF3A /* NestedCollectionTableViewCell.swift */; };
		2E5404C71EE35FA000CCDF3A /* NestedCollectionTableViewCell.xib in Resources */ = {isa = PBXBuildFile; fileRef = 2E5404C51EE35FA000CCDF3A /* NestedCollectionTableViewCell.xib */; };
		2E5404CB1EE3618F00CCDF3A /* UITableView+Setup.swift in Sources */ = {isa = PBXBuildFile; fileRef = 2E5404CA1EE3618F00CCDF3A /* UITableView+Setup.swift */; };
		2E5404CD1EE3689000CCDF3A /* UICollectionView+Setup.swift in Sources */ = {isa = PBXBuildFile; fileRef = 2E5404CC1EE3689000CCDF3A /* UICollectionView+Setup.swift */; };
		2E5404D11EE3697900CCDF3A /* BaseCollectionViewCell.swift in Sources */ = {isa = PBXBuildFile; fileRef = 2E5404CF1EE3697900CCDF3A /* BaseCollectionViewCell.swift */; };
		2E5404D21EE3697900CCDF3A /* BaseCollectionViewCell.xib in Resources */ = {isa = PBXBuildFile; fileRef = 2E5404D01EE3697900CCDF3A /* BaseCollectionViewCell.xib */; };
		2E5C864A1EE48D7700CB3B38 /* BaseViewController.swift in Sources */ = {isa = PBXBuildFile; fileRef = 2E5C86491EE48D7700CB3B38 /* BaseViewController.swift */; };
		2E5C864D1EE4A45E00CB3B38 /* FatNavigationController.swift in Sources */ = {isa = PBXBuildFile; fileRef = 2E5C864C1EE4A45E00CB3B38 /* FatNavigationController.swift */; };
		2E5C864F1EE4A70600CB3B38 /* FatNavigationBar.swift in Sources */ = {isa = PBXBuildFile; fileRef = 2E5C864E1EE4A70600CB3B38 /* FatNavigationBar.swift */; };
		2E5C86521EE4EF5900CB3B38 /* UIColor+Colors.swift in Sources */ = {isa = PBXBuildFile; fileRef = 2E5C86511EE4EF5900CB3B38 /* UIColor+Colors.swift */; };
		2E604F591E7CBF5800C65634 /* Depot.swift in Sources */ = {isa = PBXBuildFile; fileRef = 2E604F551E7CBF5800C65634 /* Depot.swift */; };
		2E604F5A1E7CBF5800C65634 /* LocalDBData.swift in Sources */ = {isa = PBXBuildFile; fileRef = 2E604F561E7CBF5800C65634 /* LocalDBData.swift */; };
		2E604F5B1E7CBF5800C65634 /* TestData.swift in Sources */ = {isa = PBXBuildFile; fileRef = 2E604F571E7CBF5800C65634 /* TestData.swift */; };
		2E604F5C1E7CBF5800C65634 /* WebserviceData.swift in Sources */ = {isa = PBXBuildFile; fileRef = 2E604F581E7CBF5800C65634 /* WebserviceData.swift */; };
		2EBAF2701EEA63480088B878 /* TableViewSection.swift in Sources */ = {isa = PBXBuildFile; fileRef = 2EBAF26F1EEA63480088B878 /* TableViewSection.swift */; };
		2EBAF2721EEA64190088B878 /* TableViewRow.swift in Sources */ = {isa = PBXBuildFile; fileRef = 2EBAF2711EEA64190088B878 /* TableViewRow.swift */; };
		2ECC47911F19605A00FB129F /* UIAlertController+CustomAlert.swift in Sources */ = {isa = PBXBuildFile; fileRef = 2ECC47901F19605A00FB129F /* UIAlertController+CustomAlert.swift */; };
		2ED0E6051EF651B500F26008 /* AccountField.swift in Sources */ = {isa = PBXBuildFile; fileRef = 2ED0E6041EF651B500F26008 /* AccountField.swift */; };
		2ED0E6081EF6583E00F26008 /* AccountFieldTableViewCell.swift in Sources */ = {isa = PBXBuildFile; fileRef = 2ED0E6061EF6583E00F26008 /* AccountFieldTableViewCell.swift */; };
		2ED0E6091EF6583E00F26008 /* AccountFieldTableViewCell.xib in Resources */ = {isa = PBXBuildFile; fileRef = 2ED0E6071EF6583E00F26008 /* AccountFieldTableViewCell.xib */; };
		2ED0E60C1EF6584800F26008 /* AccountButtonTableViewCell.swift in Sources */ = {isa = PBXBuildFile; fileRef = 2ED0E60A1EF6584800F26008 /* AccountButtonTableViewCell.swift */; };
		2ED0E60D1EF6584800F26008 /* AccountButtonTableViewCell.xib in Resources */ = {isa = PBXBuildFile; fileRef = 2ED0E60B1EF6584800F26008 /* AccountButtonTableViewCell.xib */; };
		2EEA7DF41F14182F002E8DEF /* RealmManager.swift in Sources */ = {isa = PBXBuildFile; fileRef = 2EEA7DF31F14182F002E8DEF /* RealmManager.swift */; };
		2EEA7DF71F14246E002E8DEF /* RealmManagerTests.swift in Sources */ = {isa = PBXBuildFile; fileRef = 2EEA7DF61F14246E002E8DEF /* RealmManagerTests.swift */; };
		2EEA7DFB1F143258002E8DEF /* Realm+Utilities.swift in Sources */ = {isa = PBXBuildFile; fileRef = 2EEA7DFA1F143258002E8DEF /* Realm+Utilities.swift */; };
		5CD4C351852BAE93D95D018C /* Pods_Groceries.framework in Frameworks */ = {isa = PBXBuildFile; fileRef = 5CE4BA602B71B7DAE78549C8 /* Pods_Groceries.framework */; };
		CAEB7D995637948C5A6B7776 /* Pods_GroceriesUITests.framework in Frameworks */ = {isa = PBXBuildFile; fileRef = CB0F97D6ABED0B7E869AD26E /* Pods_GroceriesUITests.framework */; };
		CBD90E2A0EDAFE5AD297E7F1 /* Pods_GroceriesTests.framework in Frameworks */ = {isa = PBXBuildFile; fileRef = ABDD86BAF9C1D0819D5A4D42 /* Pods_GroceriesTests.framework */; };
/* End PBXBuildFile section */

/* Begin PBXContainerItemProxy section */
		2E0BE4F01E6B4D3D00E08DC1 /* PBXContainerItemProxy */ = {
			isa = PBXContainerItemProxy;
			containerPortal = 2E0BE4D31E6B4D3D00E08DC1 /* Project object */;
			proxyType = 1;
			remoteGlobalIDString = 2E0BE4DA1E6B4D3D00E08DC1;
			remoteInfo = Groceries;
		};
		2E0BE4FB1E6B4D3D00E08DC1 /* PBXContainerItemProxy */ = {
			isa = PBXContainerItemProxy;
			containerPortal = 2E0BE4D31E6B4D3D00E08DC1 /* Project object */;
			proxyType = 1;
			remoteGlobalIDString = 2E0BE4DA1E6B4D3D00E08DC1;
			remoteInfo = Groceries;
		};
/* End PBXContainerItemProxy section */

/* Begin PBXFileReference section */
		2E0BE4DB1E6B4D3D00E08DC1 /* Groceries.app */ = {isa = PBXFileReference; explicitFileType = wrapper.application; includeInIndex = 0; path = Groceries.app; sourceTree = BUILT_PRODUCTS_DIR; };
		2E0BE4DE1E6B4D3D00E08DC1 /* AppDelegate.swift */ = {isa = PBXFileReference; lastKnownFileType = sourcecode.swift; path = AppDelegate.swift; sourceTree = "<group>"; };
		2E0BE4E51E6B4D3D00E08DC1 /* Assets.xcassets */ = {isa = PBXFileReference; lastKnownFileType = folder.assetcatalog; path = Assets.xcassets; sourceTree = "<group>"; };
		2E0BE4E81E6B4D3D00E08DC1 /* Base */ = {isa = PBXFileReference; lastKnownFileType = file.storyboard; name = Base; path = Base.lproj/LaunchScreen.storyboard; sourceTree = "<group>"; };
		2E0BE4EA1E6B4D3D00E08DC1 /* Info.plist */ = {isa = PBXFileReference; lastKnownFileType = text.plist.xml; path = Info.plist; sourceTree = "<group>"; };
		2E0BE4EF1E6B4D3D00E08DC1 /* GroceriesTests.xctest */ = {isa = PBXFileReference; explicitFileType = wrapper.cfbundle; includeInIndex = 0; path = GroceriesTests.xctest; sourceTree = BUILT_PRODUCTS_DIR; };
		2E0BE4F31E6B4D3D00E08DC1 /* GroceriesTests.swift */ = {isa = PBXFileReference; lastKnownFileType = sourcecode.swift; path = GroceriesTests.swift; sourceTree = "<group>"; };
		2E0BE4F51E6B4D3D00E08DC1 /* Info.plist */ = {isa = PBXFileReference; lastKnownFileType = text.plist.xml; path = Info.plist; sourceTree = "<group>"; };
		2E0BE4FA1E6B4D3D00E08DC1 /* GroceriesUITests.xctest */ = {isa = PBXFileReference; explicitFileType = wrapper.cfbundle; includeInIndex = 0; path = GroceriesUITests.xctest; sourceTree = BUILT_PRODUCTS_DIR; };
		2E0BE4FE1E6B4D3D00E08DC1 /* GroceriesUITests.swift */ = {isa = PBXFileReference; lastKnownFileType = sourcecode.swift; path = GroceriesUITests.swift; sourceTree = "<group>"; };
		2E0BE5001E6B4D3D00E08DC1 /* Info.plist */ = {isa = PBXFileReference; lastKnownFileType = text.plist.xml; path = Info.plist; sourceTree = "<group>"; };
		2E1996271EEB4BB0003ED39E /* SelectableTableViewCell.swift */ = {isa = PBXFileReference; fileEncoding = 4; lastKnownFileType = sourcecode.swift; path = SelectableTableViewCell.swift; sourceTree = "<group>"; };
		2E1996281EEB4BB0003ED39E /* SelectableTableViewCell.xib */ = {isa = PBXFileReference; fileEncoding = 4; lastKnownFileType = file.xib; path = SelectableTableViewCell.xib; sourceTree = "<group>"; };
		2E1F8DF21F16D336008047BF /* RealmManager+Realms.swift */ = {isa = PBXFileReference; fileEncoding = 4; lastKnownFileType = sourcecode.swift; path = "RealmManager+Realms.swift"; sourceTree = "<group>"; };
		2E2415A81EEC6F500014CD40 /* InventoryItem.swift */ = {isa = PBXFileReference; fileEncoding = 4; lastKnownFileType = sourcecode.swift; path = InventoryItem.swift; sourceTree = "<group>"; };
		2E2415AA1EEC78140014CD40 /* SelectItemViewController.swift */ = {isa = PBXFileReference; fileEncoding = 4; lastKnownFileType = sourcecode.swift; path = SelectItemViewController.swift; sourceTree = "<group>"; };
		2E2415AB1EEC78140014CD40 /* SelectItemViewController.xib */ = {isa = PBXFileReference; fileEncoding = 4; lastKnownFileType = file.xib; path = SelectItemViewController.xib; sourceTree = "<group>"; };
		2E2415AE1EEC7A920014CD40 /* StoreCategory.swift */ = {isa = PBXFileReference; fileEncoding = 4; lastKnownFileType = sourcecode.swift; path = StoreCategory.swift; sourceTree = "<group>"; };
		2E2415B31EEC81330014CD40 /* UIImage+Images.swift */ = {isa = PBXFileReference; fileEncoding = 4; lastKnownFileType = sourcecode.swift; path = "UIImage+Images.swift"; sourceTree = "<group>"; };
		2E2780741EEF47E000CD574C /* ListsViewController.swift */ = {isa = PBXFileReference; fileEncoding = 4; lastKnownFileType = sourcecode.swift; path = ListsViewController.swift; sourceTree = "<group>"; };
		2E2780751EEF47E000CD574C /* ListsViewController.xib */ = {isa = PBXFileReference; fileEncoding = 4; lastKnownFileType = file.xib; path = ListsViewController.xib; sourceTree = "<group>"; };
		2E2780791EEF48F500CD574C /* ItemList.swift */ = {isa = PBXFileReference; fileEncoding = 4; lastKnownFileType = sourcecode.swift; path = ItemList.swift; sourceTree = "<group>"; };
		2E27807B1EEF4CF200CD574C /* ListTableViewCell.swift */ = {isa = PBXFileReference; fileEncoding = 4; lastKnownFileType = sourcecode.swift; path = ListTableViewCell.swift; sourceTree = "<group>"; };
		2E27807C1EEF4CF200CD574C /* ListTableViewCell.xib */ = {isa = PBXFileReference; fileEncoding = 4; lastKnownFileType = file.xib; path = ListTableViewCell.xib; sourceTree = "<group>"; };
		2E4871CB1EAA637400601BDB /* URLSession+Request.swift */ = {isa = PBXFileReference; fileEncoding = 4; lastKnownFileType = sourcecode.swift; path = "URLSession+Request.swift"; sourceTree = "<group>"; };
		2E5404B41EE356B100CCDF3A /* HomeViewController.swift */ = {isa = PBXFileReference; fileEncoding = 4; lastKnownFileType = sourcecode.swift; path = HomeViewController.swift; sourceTree = "<group>"; };
		2E5404B51EE356B100CCDF3A /* HomeViewController.xib */ = {isa = PBXFileReference; fileEncoding = 4; lastKnownFileType = file.xib; path = HomeViewController.xib; sourceTree = "<group>"; };
		2E5404B81EE356D300CCDF3A /* InventoryViewController.swift */ = {isa = PBXFileReference; fileEncoding = 4; lastKnownFileType = sourcecode.swift; path = InventoryViewController.swift; sourceTree = "<group>"; };
		2E5404B91EE356D300CCDF3A /* InventoryViewController.xib */ = {isa = PBXFileReference; fileEncoding = 4; lastKnownFileType = file.xib; path = InventoryViewController.xib; sourceTree = "<group>"; };
		2E5404BC1EE356EE00CCDF3A /* AccountViewController.swift */ = {isa = PBXFileReference; fileEncoding = 4; lastKnownFileType = sourcecode.swift; path = AccountViewController.swift; sourceTree = "<group>"; };
		2E5404BD1EE356EE00CCDF3A /* AccountViewController.xib */ = {isa = PBXFileReference; fileEncoding = 4; lastKnownFileType = file.xib; path = AccountViewController.xib; sourceTree = "<group>"; };
		2E5404C01EE35F9300CCDF3A /* BaseTableViewCell.swift */ = {isa = PBXFileReference; fileEncoding = 4; lastKnownFileType = sourcecode.swift; path = BaseTableViewCell.swift; sourceTree = "<group>"; };
		2E5404C11EE35F9300CCDF3A /* BaseTableViewCell.xib */ = {isa = PBXFileReference; fileEncoding = 4; lastKnownFileType = file.xib; path = BaseTableViewCell.xib; sourceTree = "<group>"; };
		2E5404C41EE35FA000CCDF3A /* NestedCollectionTableViewCell.swift */ = {isa = PBXFileReference; fileEncoding = 4; lastKnownFileType = sourcecode.swift; path = NestedCollectionTableViewCell.swift; sourceTree = "<group>"; };
		2E5404C51EE35FA000CCDF3A /* NestedCollectionTableViewCell.xib */ = {isa = PBXFileReference; fileEncoding = 4; lastKnownFileType = file.xib; path = NestedCollectionTableViewCell.xib; sourceTree = "<group>"; };
		2E5404CA1EE3618F00CCDF3A /* UITableView+Setup.swift */ = {isa = PBXFileReference; fileEncoding = 4; lastKnownFileType = sourcecode.swift; path = "UITableView+Setup.swift"; sourceTree = "<group>"; };
		2E5404CC1EE3689000CCDF3A /* UICollectionView+Setup.swift */ = {isa = PBXFileReference; fileEncoding = 4; lastKnownFileType = sourcecode.swift; path = "UICollectionView+Setup.swift"; sourceTree = "<group>"; };
		2E5404CF1EE3697900CCDF3A /* BaseCollectionViewCell.swift */ = {isa = PBXFileReference; fileEncoding = 4; lastKnownFileType = sourcecode.swift; path = BaseCollectionViewCell.swift; sourceTree = "<group>"; };
		2E5404D01EE3697900CCDF3A /* BaseCollectionViewCell.xib */ = {isa = PBXFileReference; fileEncoding = 4; lastKnownFileType = file.xib; path = BaseCollectionViewCell.xib; sourceTree = "<group>"; };
		2E5C86491EE48D7700CB3B38 /* BaseViewController.swift */ = {isa = PBXFileReference; fileEncoding = 4; lastKnownFileType = sourcecode.swift; path = BaseViewController.swift; sourceTree = "<group>"; };
		2E5C864C1EE4A45E00CB3B38 /* FatNavigationController.swift */ = {isa = PBXFileReference; fileEncoding = 4; lastKnownFileType = sourcecode.swift; path = FatNavigationController.swift; sourceTree = "<group>"; };
		2E5C864E1EE4A70600CB3B38 /* FatNavigationBar.swift */ = {isa = PBXFileReference; fileEncoding = 4; lastKnownFileType = sourcecode.swift; path = FatNavigationBar.swift; sourceTree = "<group>"; };
		2E5C86511EE4EF5900CB3B38 /* UIColor+Colors.swift */ = {isa = PBXFileReference; fileEncoding = 4; lastKnownFileType = sourcecode.swift; path = "UIColor+Colors.swift"; sourceTree = "<group>"; };
		2E604F551E7CBF5800C65634 /* Depot.swift */ = {isa = PBXFileReference; fileEncoding = 4; lastKnownFileType = sourcecode.swift; path = Depot.swift; sourceTree = "<group>"; };
		2E604F561E7CBF5800C65634 /* LocalDBData.swift */ = {isa = PBXFileReference; fileEncoding = 4; lastKnownFileType = sourcecode.swift; path = LocalDBData.swift; sourceTree = "<group>"; };
		2E604F571E7CBF5800C65634 /* TestData.swift */ = {isa = PBXFileReference; fileEncoding = 4; lastKnownFileType = sourcecode.swift; path = TestData.swift; sourceTree = "<group>"; };
		2E604F581E7CBF5800C65634 /* WebserviceData.swift */ = {isa = PBXFileReference; fileEncoding = 4; lastKnownFileType = sourcecode.swift; path = WebserviceData.swift; sourceTree = "<group>"; };
		2EBAF26F1EEA63480088B878 /* TableViewSection.swift */ = {isa = PBXFileReference; fileEncoding = 4; lastKnownFileType = sourcecode.swift; path = TableViewSection.swift; sourceTree = "<group>"; };
		2EBAF2711EEA64190088B878 /* TableViewRow.swift */ = {isa = PBXFileReference; fileEncoding = 4; lastKnownFileType = sourcecode.swift; name = TableViewRow.swift; path = ../TableViewRow.swift; sourceTree = "<group>"; };
		2ECC47901F19605A00FB129F /* UIAlertController+CustomAlert.swift */ = {isa = PBXFileReference; fileEncoding = 4; lastKnownFileType = sourcecode.swift; path = "UIAlertController+CustomAlert.swift"; sourceTree = "<group>"; };
		2ED0E6041EF651B500F26008 /* AccountField.swift */ = {isa = PBXFileReference; fileEncoding = 4; lastKnownFileType = sourcecode.swift; path = AccountField.swift; sourceTree = "<group>"; };
		2ED0E6061EF6583E00F26008 /* AccountFieldTableViewCell.swift */ = {isa = PBXFileReference; fileEncoding = 4; lastKnownFileType = sourcecode.swift; path = AccountFieldTableViewCell.swift; sourceTree = "<group>"; };
		2ED0E6071EF6583E00F26008 /* AccountFieldTableViewCell.xib */ = {isa = PBXFileReference; fileEncoding = 4; lastKnownFileType = file.xib; path = AccountFieldTableViewCell.xib; sourceTree = "<group>"; };
		2ED0E60A1EF6584800F26008 /* AccountButtonTableViewCell.swift */ = {isa = PBXFileReference; fileEncoding = 4; lastKnownFileType = sourcecode.swift; path = AccountButtonTableViewCell.swift; sourceTree = "<group>"; };
		2ED0E60B1EF6584800F26008 /* AccountButtonTableViewCell.xib */ = {isa = PBXFileReference; fileEncoding = 4; lastKnownFileType = file.xib; path = AccountButtonTableViewCell.xib; sourceTree = "<group>"; };
		2EEA7DF31F14182F002E8DEF /* RealmManager.swift */ = {isa = PBXFileReference; fileEncoding = 4; lastKnownFileType = sourcecode.swift; path = RealmManager.swift; sourceTree = "<group>"; };
		2EEA7DF61F14246E002E8DEF /* RealmManagerTests.swift */ = {isa = PBXFileReference; fileEncoding = 4; lastKnownFileType = sourcecode.swift; path = RealmManagerTests.swift; sourceTree = "<group>"; };
		2EEA7DFA1F143258002E8DEF /* Realm+Utilities.swift */ = {isa = PBXFileReference; fileEncoding = 4; lastKnownFileType = sourcecode.swift; path = "Realm+Utilities.swift"; sourceTree = "<group>"; };
		43BB8591EB592EC767B3DDE9 /* Pods-Groceries.release.xcconfig */ = {isa = PBXFileReference; includeInIndex = 1; lastKnownFileType = text.xcconfig; name = "Pods-Groceries.release.xcconfig"; path = "Pods/Target Support Files/Pods-Groceries/Pods-Groceries.release.xcconfig"; sourceTree = "<group>"; };
		5234578D95AC3385AAA20700 /* Pods-Groceries.debug.xcconfig */ = {isa = PBXFileReference; includeInIndex = 1; lastKnownFileType = text.xcconfig; name = "Pods-Groceries.debug.xcconfig"; path = "Pods/Target Support Files/Pods-Groceries/Pods-Groceries.debug.xcconfig"; sourceTree = "<group>"; };
		5CE4BA602B71B7DAE78549C8 /* Pods_Groceries.framework */ = {isa = PBXFileReference; explicitFileType = wrapper.framework; includeInIndex = 0; path = Pods_Groceries.framework; sourceTree = BUILT_PRODUCTS_DIR; };
		64F73A4B42377EE1F5A09A12 /* Pods-GroceriesUITests.release.xcconfig */ = {isa = PBXFileReference; includeInIndex = 1; lastKnownFileType = text.xcconfig; name = "Pods-GroceriesUITests.release.xcconfig"; path = "Pods/Target Support Files/Pods-GroceriesUITests/Pods-GroceriesUITests.release.xcconfig"; sourceTree = "<group>"; };
		73085985765006408B851AA9 /* Pods-GroceriesTests.debug.xcconfig */ = {isa = PBXFileReference; includeInIndex = 1; lastKnownFileType = text.xcconfig; name = "Pods-GroceriesTests.debug.xcconfig"; path = "Pods/Target Support Files/Pods-GroceriesTests/Pods-GroceriesTests.debug.xcconfig"; sourceTree = "<group>"; };
		ABDD86BAF9C1D0819D5A4D42 /* Pods_GroceriesTests.framework */ = {isa = PBXFileReference; explicitFileType = wrapper.framework; includeInIndex = 0; path = Pods_GroceriesTests.framework; sourceTree = BUILT_PRODUCTS_DIR; };
		CB0F97D6ABED0B7E869AD26E /* Pods_GroceriesUITests.framework */ = {isa = PBXFileReference; explicitFileType = wrapper.framework; includeInIndex = 0; path = Pods_GroceriesUITests.framework; sourceTree = BUILT_PRODUCTS_DIR; };
		D173F040DFE6D7858DEF46E0 /* Pods-GroceriesTests.release.xcconfig */ = {isa = PBXFileReference; includeInIndex = 1; lastKnownFileType = text.xcconfig; name = "Pods-GroceriesTests.release.xcconfig"; path = "Pods/Target Support Files/Pods-GroceriesTests/Pods-GroceriesTests.release.xcconfig"; sourceTree = "<group>"; };
		D34D231453304AD8FBF3F0E6 /* Pods-GroceriesUITests.debug.xcconfig */ = {isa = PBXFileReference; includeInIndex = 1; lastKnownFileType = text.xcconfig; name = "Pods-GroceriesUITests.debug.xcconfig"; path = "Pods/Target Support Files/Pods-GroceriesUITests/Pods-GroceriesUITests.debug.xcconfig"; sourceTree = "<group>"; };
/* End PBXFileReference section */

/* Begin PBXFrameworksBuildPhase section */
		2E0BE4D81E6B4D3D00E08DC1 /* Frameworks */ = {
			isa = PBXFrameworksBuildPhase;
			buildActionMask = 2147483647;
			files = (
				5CD4C351852BAE93D95D018C /* Pods_Groceries.framework in Frameworks */,
			);
			runOnlyForDeploymentPostprocessing = 0;
		};
		2E0BE4EC1E6B4D3D00E08DC1 /* Frameworks */ = {
			isa = PBXFrameworksBuildPhase;
			buildActionMask = 2147483647;
			files = (
				CBD90E2A0EDAFE5AD297E7F1 /* Pods_GroceriesTests.framework in Frameworks */,
			);
			runOnlyForDeploymentPostprocessing = 0;
		};
		2E0BE4F71E6B4D3D00E08DC1 /* Frameworks */ = {
			isa = PBXFrameworksBuildPhase;
			buildActionMask = 2147483647;
			files = (
				CAEB7D995637948C5A6B7776 /* Pods_GroceriesUITests.framework in Frameworks */,
			);
			runOnlyForDeploymentPostprocessing = 0;
		};
/* End PBXFrameworksBuildPhase section */

/* Begin PBXGroup section */
		1766EBBFD835814DECEFD9A7 /* Frameworks */ = {
			isa = PBXGroup;
			children = (
				5CE4BA602B71B7DAE78549C8 /* Pods_Groceries.framework */,
				ABDD86BAF9C1D0819D5A4D42 /* Pods_GroceriesTests.framework */,
				CB0F97D6ABED0B7E869AD26E /* Pods_GroceriesUITests.framework */,
			);
			name = Frameworks;
			sourceTree = "<group>";
		};
		2E0BE4D21E6B4D3D00E08DC1 = {
			isa = PBXGroup;
			children = (
				2E0BE4DD1E6B4D3D00E08DC1 /* Groceries */,
				2E0BE4F21E6B4D3D00E08DC1 /* GroceriesTests */,
				2E0BE4FD1E6B4D3D00E08DC1 /* GroceriesUITests */,
				2E0BE4DC1E6B4D3D00E08DC1 /* Products */,
				C90B7681DB2B0E558E829DA8 /* Pods */,
				1766EBBFD835814DECEFD9A7 /* Frameworks */,
			);
			sourceTree = "<group>";
		};
		2E0BE4DC1E6B4D3D00E08DC1 /* Products */ = {
			isa = PBXGroup;
			children = (
				2E0BE4DB1E6B4D3D00E08DC1 /* Groceries.app */,
				2E0BE4EF1E6B4D3D00E08DC1 /* GroceriesTests.xctest */,
				2E0BE4FA1E6B4D3D00E08DC1 /* GroceriesUITests.xctest */,
			);
			name = Products;
			sourceTree = "<group>";
		};
		2E0BE4DD1E6B4D3D00E08DC1 /* Groceries */ = {
			isa = PBXGroup;
			children = (
				2E0BE4DE1E6B4D3D00E08DC1 /* AppDelegate.swift */,
				2E2B8CE11EFDB26B009A0056 /* Extensions */,
				2E2415A71EEC6F3A0014CD40 /* DTOs */,
				2E604F2A1E7CBF1B00C65634 /* Libs */,
				2E0BE5171E6B6C6800E08DC1 /* Views */,
				2E0BE50E1E6B532A00E08DC1 /* Controllers */,
				2E0BE4E51E6B4D3D00E08DC1 /* Assets.xcassets */,
				2E0BE4E71E6B4D3D00E08DC1 /* LaunchScreen.storyboard */,
				2E0BE4EA1E6B4D3D00E08DC1 /* Info.plist */,
			);
			path = Groceries;
			sourceTree = "<group>";
		};
		2E0BE4F21E6B4D3D00E08DC1 /* GroceriesTests */ = {
			isa = PBXGroup;
			children = (
				2E0BE4F31E6B4D3D00E08DC1 /* GroceriesTests.swift */,
				2EEA7DF61F14246E002E8DEF /* RealmManagerTests.swift */,
				2E0BE4F51E6B4D3D00E08DC1 /* Info.plist */,
			);
			path = GroceriesTests;
			sourceTree = "<group>";
		};
		2E0BE4FD1E6B4D3D00E08DC1 /* GroceriesUITests */ = {
			isa = PBXGroup;
			children = (
				2E0BE4FE1E6B4D3D00E08DC1 /* GroceriesUITests.swift */,
				2E0BE5001E6B4D3D00E08DC1 /* Info.plist */,
			);
			path = GroceriesUITests;
			sourceTree = "<group>";
		};
		2E0BE50E1E6B532A00E08DC1 /* Controllers */ = {
			isa = PBXGroup;
			children = (
				2E5C864B1EE4A44400CB3B38 /* Navigation */,
				2E5404DA1EE37DB400CCDF3A /* View */,
			);
			name = Controllers;
			sourceTree = "<group>";
		};
		2E0BE5171E6B6C6800E08DC1 /* Views */ = {
			isa = PBXGroup;
			children = (
				2E0BE5181E6B6C7000E08DC1 /* Cells */,
			);
			name = Views;
			sourceTree = "<group>";
		};
		2E0BE5181E6B6C7000E08DC1 /* Cells */ = {
			isa = PBXGroup;
			children = (
				2E5404CE1EE3695C00CCDF3A /* TableView */,
				2E5404D31EE3698500CCDF3A /* CollectionView */,
			);
			name = Cells;
			sourceTree = "<group>";
		};
		2E2415A71EEC6F3A0014CD40 /* DTOs */ = {
			isa = PBXGroup;
			children = (
				2EBAF2711EEA64190088B878 /* TableViewRow.swift */,
				2E2415A81EEC6F500014CD40 /* InventoryItem.swift */,
				2E2415AE1EEC7A920014CD40 /* StoreCategory.swift */,
				2E2780791EEF48F500CD574C /* ItemList.swift */,
				2ED0E6041EF651B500F26008 /* AccountField.swift */,
			);
			name = DTOs;
			path = Depot;
			sourceTree = "<group>";
		};
		2E2415B01EEC7EE20014CD40 /* Home */ = {
			isa = PBXGroup;
			children = (
				2E5404B41EE356B100CCDF3A /* HomeViewController.swift */,
				2E5404B51EE356B100CCDF3A /* HomeViewController.xib */,
			);
			name = Home;
			sourceTree = "<group>";
		};
		2E2415B11EEC7EEA0014CD40 /* Inventory */ = {
			isa = PBXGroup;
			children = (
				2E5404B81EE356D300CCDF3A /* InventoryViewController.swift */,
				2E5404B91EE356D300CCDF3A /* InventoryViewController.xib */,
			);
			name = Inventory;
			sourceTree = "<group>";
		};
		2E2415B21EEC7EFC0014CD40 /* Account */ = {
			isa = PBXGroup;
			children = (
				2E5404BC1EE356EE00CCDF3A /* AccountViewController.swift */,
				2E5404BD1EE356EE00CCDF3A /* AccountViewController.xib */,
			);
			name = Account;
			sourceTree = "<group>";
		};
		2E2780731EEF47A000CD574C /* Select Items */ = {
			isa = PBXGroup;
			children = (
				2E2415AA1EEC78140014CD40 /* SelectItemViewController.swift */,
				2E2415AB1EEC78140014CD40 /* SelectItemViewController.xib */,
			);
			name = "Select Items";
			sourceTree = "<group>";
		};
		2E2780781EEF47E800CD574C /* Lists */ = {
			isa = PBXGroup;
			children = (
				2E2780741EEF47E000CD574C /* ListsViewController.swift */,
				2E2780751EEF47E000CD574C /* ListsViewController.xib */,
			);
			name = Lists;
			sourceTree = "<group>";
		};
		2E27CF1B1F17F63D0061689A /* RealmManager */ = {
			isa = PBXGroup;
			children = (
				2EEA7DF31F14182F002E8DEF /* RealmManager.swift */,
				2EEA7DFA1F143258002E8DEF /* Realm+Utilities.swift */,
			);
			name = RealmManager;
			sourceTree = "<group>";
		};
		2E2B8CE11EFDB26B009A0056 /* Extensions */ = {
			isa = PBXGroup;
			children = (
				2E4871CB1EAA637400601BDB /* URLSession+Request.swift */,
				2E2415B31EEC81330014CD40 /* UIImage+Images.swift */,
				2E5C86511EE4EF5900CB3B38 /* UIColor+Colors.swift */,
				2E5404CA1EE3618F00CCDF3A /* UITableView+Setup.swift */,
				2E5404CC1EE3689000CCDF3A /* UICollectionView+Setup.swift */,
				2E1F8DF21F16D336008047BF /* RealmManager+Realms.swift */,
				2ECC47901F19605A00FB129F /* UIAlertController+CustomAlert.swift */,
			);
			name = Extensions;
			sourceTree = "<group>";
		};
		2E5404CE1EE3695C00CCDF3A /* TableView */ = {
			isa = PBXGroup;
			children = (
				2E5404C01EE35F9300CCDF3A /* BaseTableViewCell.swift */,
				2E5404C11EE35F9300CCDF3A /* BaseTableViewCell.xib */,
				2E5404C41EE35FA000CCDF3A /* NestedCollectionTableViewCell.swift */,
				2E5404C51EE35FA000CCDF3A /* NestedCollectionTableViewCell.xib */,
				2E1996271EEB4BB0003ED39E /* SelectableTableViewCell.swift */,
				2E1996281EEB4BB0003ED39E /* SelectableTableViewCell.xib */,
				2E27807B1EEF4CF200CD574C /* ListTableViewCell.swift */,
				2E27807C1EEF4CF200CD574C /* ListTableViewCell.xib */,
				2ED0E6061EF6583E00F26008 /* AccountFieldTableViewCell.swift */,
				2ED0E6071EF6583E00F26008 /* AccountFieldTableViewCell.xib */,
				2ED0E60A1EF6584800F26008 /* AccountButtonTableViewCell.swift */,
				2ED0E60B1EF6584800F26008 /* AccountButtonTableViewCell.xib */,
			);
			name = TableView;
			sourceTree = "<group>";
		};
		2E5404D31EE3698500CCDF3A /* CollectionView */ = {
			isa = PBXGroup;
			children = (
				2E5404CF1EE3697900CCDF3A /* BaseCollectionViewCell.swift */,
				2E5404D01EE3697900CCDF3A /* BaseCollectionViewCell.xib */,
			);
			name = CollectionView;
			sourceTree = "<group>";
		};
		2E5404DA1EE37DB400CCDF3A /* View */ = {
			isa = PBXGroup;
			children = (
				2EEA7DF51F14184D002E8DEF /* Base ViewController */,
				2E2780781EEF47E800CD574C /* Lists */,
				2E2780731EEF47A000CD574C /* Select Items */,
				2E2415B01EEC7EE20014CD40 /* Home */,
				2E2415B11EEC7EEA0014CD40 /* Inventory */,
				2E2415B21EEC7EFC0014CD40 /* Account */,
			);
			name = View;
			sourceTree = "<group>";
		};
		2E5C864B1EE4A44400CB3B38 /* Navigation */ = {
			isa = PBXGroup;
			children = (
				2E5C864C1EE4A45E00CB3B38 /* FatNavigationController.swift */,
				2E5C864E1EE4A70600CB3B38 /* FatNavigationBar.swift */,
			);
			name = Navigation;
			sourceTree = "<group>";
		};
		2E604F2A1E7CBF1B00C65634 /* Libs */ = {
			isa = PBXGroup;
			children = (
				2E27CF1B1F17F63D0061689A /* RealmManager */,
				2E604F541E7CBF5800C65634 /* Depot */,
			);
			name = Libs;
			sourceTree = "<group>";
		};
		2E604F541E7CBF5800C65634 /* Depot */ = {
			isa = PBXGroup;
			children = (
				2E604F551E7CBF5800C65634 /* Depot.swift */,
				2E604F561E7CBF5800C65634 /* LocalDBData.swift */,
				2E604F571E7CBF5800C65634 /* TestData.swift */,
				2E604F581E7CBF5800C65634 /* WebserviceData.swift */,
			);
			path = Depot;
			sourceTree = "<group>";
		};
		2EEA7DF51F14184D002E8DEF /* Base ViewController */ = {
			isa = PBXGroup;
			children = (
				2E5C86491EE48D7700CB3B38 /* BaseViewController.swift */,
				2EBAF26F1EEA63480088B878 /* TableViewSection.swift */,
			);
			name = "Base ViewController";
			sourceTree = "<group>";
		};
		C90B7681DB2B0E558E829DA8 /* Pods */ = {
			isa = PBXGroup;
			children = (
				5234578D95AC3385AAA20700 /* Pods-Groceries.debug.xcconfig */,
				43BB8591EB592EC767B3DDE9 /* Pods-Groceries.release.xcconfig */,
				73085985765006408B851AA9 /* Pods-GroceriesTests.debug.xcconfig */,
				D173F040DFE6D7858DEF46E0 /* Pods-GroceriesTests.release.xcconfig */,
				D34D231453304AD8FBF3F0E6 /* Pods-GroceriesUITests.debug.xcconfig */,
				64F73A4B42377EE1F5A09A12 /* Pods-GroceriesUITests.release.xcconfig */,
			);
			name = Pods;
			sourceTree = "<group>";
		};
/* End PBXGroup section */

/* Begin PBXNativeTarget section */
		2E0BE4DA1E6B4D3D00E08DC1 /* Groceries */ = {
			isa = PBXNativeTarget;
			buildConfigurationList = 2E0BE5031E6B4D3D00E08DC1 /* Build configuration list for PBXNativeTarget "Groceries" */;
			buildPhases = (
				F779E9FD16CEB98E108FCD67 /* [CP] Check Pods Manifest.lock */,
				2E0BE4D71E6B4D3D00E08DC1 /* Sources */,
				2E0BE4D81E6B4D3D00E08DC1 /* Frameworks */,
				2E0BE4D91E6B4D3D00E08DC1 /* Resources */,
				1C3E26B19F1B54D08DC5C4F8 /* [CP] Embed Pods Frameworks */,
				80CD0BCE6F6BBE0F9678A865 /* [CP] Copy Pods Resources */,
			);
			buildRules = (
			);
			dependencies = (
			);
			name = Groceries;
			productName = Groceries;
			productReference = 2E0BE4DB1E6B4D3D00E08DC1 /* Groceries.app */;
			productType = "com.apple.product-type.application";
		};
		2E0BE4EE1E6B4D3D00E08DC1 /* GroceriesTests */ = {
			isa = PBXNativeTarget;
			buildConfigurationList = 2E0BE5061E6B4D3D00E08DC1 /* Build configuration list for PBXNativeTarget "GroceriesTests" */;
			buildPhases = (
				D95903169E6711C8624FF946 /* [CP] Check Pods Manifest.lock */,
				2E0BE4EB1E6B4D3D00E08DC1 /* Sources */,
				2E0BE4EC1E6B4D3D00E08DC1 /* Frameworks */,
				2E0BE4ED1E6B4D3D00E08DC1 /* Resources */,
				31E8ECBFBA21CDAF9162B30C /* [CP] Embed Pods Frameworks */,
				D6ED2DE1AE262E741A350385 /* [CP] Copy Pods Resources */,
			);
			buildRules = (
			);
			dependencies = (
				2E0BE4F11E6B4D3D00E08DC1 /* PBXTargetDependency */,
			);
			name = GroceriesTests;
			productName = GroceriesTests;
			productReference = 2E0BE4EF1E6B4D3D00E08DC1 /* GroceriesTests.xctest */;
			productType = "com.apple.product-type.bundle.unit-test";
		};
		2E0BE4F91E6B4D3D00E08DC1 /* GroceriesUITests */ = {
			isa = PBXNativeTarget;
			buildConfigurationList = 2E0BE5091E6B4D3D00E08DC1 /* Build configuration list for PBXNativeTarget "GroceriesUITests" */;
			buildPhases = (
				958C8228EF2A15F4CA5E8599 /* [CP] Check Pods Manifest.lock */,
				2E0BE4F61E6B4D3D00E08DC1 /* Sources */,
				2E0BE4F71E6B4D3D00E08DC1 /* Frameworks */,
				2E0BE4F81E6B4D3D00E08DC1 /* Resources */,
				093396560C2E862AF777EFCD /* [CP] Embed Pods Frameworks */,
				CE2E291EA6FB667E0750759C /* [CP] Copy Pods Resources */,
			);
			buildRules = (
			);
			dependencies = (
				2E0BE4FC1E6B4D3D00E08DC1 /* PBXTargetDependency */,
			);
			name = GroceriesUITests;
			productName = GroceriesUITests;
			productReference = 2E0BE4FA1E6B4D3D00E08DC1 /* GroceriesUITests.xctest */;
			productType = "com.apple.product-type.bundle.ui-testing";
		};
/* End PBXNativeTarget section */

/* Begin PBXProject section */
		2E0BE4D31E6B4D3D00E08DC1 /* Project object */ = {
			isa = PBXProject;
			attributes = {
				LastSwiftUpdateCheck = 0820;
				LastUpgradeCheck = 0820;
				ORGANIZATIONNAME = "Greyson Wright";
				TargetAttributes = {
					2E0BE4DA1E6B4D3D00E08DC1 = {
						CreatedOnToolsVersion = 8.2.1;
						DevelopmentTeam = 2SP6H22NCZ;
						ProvisioningStyle = Automatic;
					};
					2E0BE4EE1E6B4D3D00E08DC1 = {
						CreatedOnToolsVersion = 8.2.1;
						DevelopmentTeam = 2SP6H22NCZ;
						ProvisioningStyle = Automatic;
						TestTargetID = 2E0BE4DA1E6B4D3D00E08DC1;
					};
					2E0BE4F91E6B4D3D00E08DC1 = {
						CreatedOnToolsVersion = 8.2.1;
						DevelopmentTeam = 2SP6H22NCZ;
						ProvisioningStyle = Automatic;
						TestTargetID = 2E0BE4DA1E6B4D3D00E08DC1;
					};
				};
			};
			buildConfigurationList = 2E0BE4D61E6B4D3D00E08DC1 /* Build configuration list for PBXProject "Groceries" */;
			compatibilityVersion = "Xcode 3.2";
			developmentRegion = English;
			hasScannedForEncodings = 0;
			knownRegions = (
				en,
				Base,
			);
			mainGroup = 2E0BE4D21E6B4D3D00E08DC1;
			productRefGroup = 2E0BE4DC1E6B4D3D00E08DC1 /* Products */;
			projectDirPath = "";
			projectRoot = "";
			targets = (
				2E0BE4DA1E6B4D3D00E08DC1 /* Groceries */,
				2E0BE4EE1E6B4D3D00E08DC1 /* GroceriesTests */,
				2E0BE4F91E6B4D3D00E08DC1 /* GroceriesUITests */,
			);
		};
/* End PBXProject section */

/* Begin PBXResourcesBuildPhase section */
		2E0BE4D91E6B4D3D00E08DC1 /* Resources */ = {
			isa = PBXResourcesBuildPhase;
			buildActionMask = 2147483647;
			files = (
				2E5404C31EE35F9300CCDF3A /* BaseTableViewCell.xib in Resources */,
				2E27807E1EEF4CF200CD574C /* ListTableViewCell.xib in Resources */,
				2E5404C71EE35FA000CCDF3A /* NestedCollectionTableViewCell.xib in Resources */,
				2E2780771EEF47E000CD574C /* ListsViewController.xib in Resources */,
				2ED0E6091EF6583E00F26008 /* AccountFieldTableViewCell.xib in Resources */,
				2ED0E60D1EF6584800F26008 /* AccountButtonTableViewCell.xib in Resources */,
				2E0BE4E91E6B4D3D00E08DC1 /* LaunchScreen.storyboard in Resources */,
				2E2415AD1EEC78140014CD40 /* SelectItemViewController.xib in Resources */,
				2E5404BB1EE356D300CCDF3A /* InventoryViewController.xib in Resources */,
				2E0BE4E61E6B4D3D00E08DC1 /* Assets.xcassets in Resources */,
				2E5404D21EE3697900CCDF3A /* BaseCollectionViewCell.xib in Resources */,
				2E19962A1EEB4BB0003ED39E /* SelectableTableViewCell.xib in Resources */,
				2E5404B71EE356B100CCDF3A /* HomeViewController.xib in Resources */,
				2E5404BF1EE356EE00CCDF3A /* AccountViewController.xib in Resources */,
			);
			runOnlyForDeploymentPostprocessing = 0;
		};
		2E0BE4ED1E6B4D3D00E08DC1 /* Resources */ = {
			isa = PBXResourcesBuildPhase;
			buildActionMask = 2147483647;
			files = (
			);
			runOnlyForDeploymentPostprocessing = 0;
		};
		2E0BE4F81E6B4D3D00E08DC1 /* Resources */ = {
			isa = PBXResourcesBuildPhase;
			buildActionMask = 2147483647;
			files = (
			);
			runOnlyForDeploymentPostprocessing = 0;
		};
/* End PBXResourcesBuildPhase section */

/* Begin PBXShellScriptBuildPhase section */
		093396560C2E862AF777EFCD /* [CP] Embed Pods Frameworks */ = {
			isa = PBXShellScriptBuildPhase;
			buildActionMask = 2147483647;
			files = (
			);
			inputPaths = (
			);
			name = "[CP] Embed Pods Frameworks";
			outputPaths = (
			);
			runOnlyForDeploymentPostprocessing = 0;
			shellPath = /bin/sh;
			shellScript = "\"${SRCROOT}/Pods/Target Support Files/Pods-GroceriesUITests/Pods-GroceriesUITests-frameworks.sh\"\n";
			showEnvVarsInLog = 0;
		};
		1C3E26B19F1B54D08DC5C4F8 /* [CP] Embed Pods Frameworks */ = {
			isa = PBXShellScriptBuildPhase;
			buildActionMask = 2147483647;
			files = (
			);
			inputPaths = (
			);
			name = "[CP] Embed Pods Frameworks";
			outputPaths = (
			);
			runOnlyForDeploymentPostprocessing = 0;
			shellPath = /bin/sh;
			shellScript = "\"${SRCROOT}/Pods/Target Support Files/Pods-Groceries/Pods-Groceries-frameworks.sh\"\n";
			showEnvVarsInLog = 0;
		};
		31E8ECBFBA21CDAF9162B30C /* [CP] Embed Pods Frameworks */ = {
			isa = PBXShellScriptBuildPhase;
			buildActionMask = 2147483647;
			files = (
			);
			inputPaths = (
			);
			name = "[CP] Embed Pods Frameworks";
			outputPaths = (
			);
			runOnlyForDeploymentPostprocessing = 0;
			shellPath = /bin/sh;
			shellScript = "\"${SRCROOT}/Pods/Target Support Files/Pods-GroceriesTests/Pods-GroceriesTests-frameworks.sh\"\n";
			showEnvVarsInLog = 0;
		};
		80CD0BCE6F6BBE0F9678A865 /* [CP] Copy Pods Resources */ = {
			isa = PBXShellScriptBuildPhase;
			buildActionMask = 2147483647;
			files = (
			);
			inputPaths = (
			);
			name = "[CP] Copy Pods Resources";
			outputPaths = (
			);
			runOnlyForDeploymentPostprocessing = 0;
			shellPath = /bin/sh;
			shellScript = "\"${SRCROOT}/Pods/Target Support Files/Pods-Groceries/Pods-Groceries-resources.sh\"\n";
			showEnvVarsInLog = 0;
		};
		958C8228EF2A15F4CA5E8599 /* [CP] Check Pods Manifest.lock */ = {
			isa = PBXShellScriptBuildPhase;
			buildActionMask = 2147483647;
			files = (
			);
			inputPaths = (
			);
			name = "[CP] Check Pods Manifest.lock";
			outputPaths = (
			);
			runOnlyForDeploymentPostprocessing = 0;
			shellPath = /bin/sh;
			shellScript = "diff \"${PODS_ROOT}/../Podfile.lock\" \"${PODS_ROOT}/Manifest.lock\" > /dev/null\nif [ $? != 0 ] ; then\n    # print error to STDERR\n    echo \"error: The sandbox is not in sync with the Podfile.lock. Run 'pod install' or update your CocoaPods installation.\" >&2\n    exit 1\nfi\n";
			showEnvVarsInLog = 0;
		};
		CE2E291EA6FB667E0750759C /* [CP] Copy Pods Resources */ = {
			isa = PBXShellScriptBuildPhase;
			buildActionMask = 2147483647;
			files = (
			);
			inputPaths = (
			);
			name = "[CP] Copy Pods Resources";
			outputPaths = (
			);
			runOnlyForDeploymentPostprocessing = 0;
			shellPath = /bin/sh;
			shellScript = "\"${SRCROOT}/Pods/Target Support Files/Pods-GroceriesUITests/Pods-GroceriesUITests-resources.sh\"\n";
			showEnvVarsInLog = 0;
		};
		D6ED2DE1AE262E741A350385 /* [CP] Copy Pods Resources */ = {
			isa = PBXShellScriptBuildPhase;
			buildActionMask = 2147483647;
			files = (
			);
			inputPaths = (
			);
			name = "[CP] Copy Pods Resources";
			outputPaths = (
			);
			runOnlyForDeploymentPostprocessing = 0;
			shellPath = /bin/sh;
			shellScript = "\"${SRCROOT}/Pods/Target Support Files/Pods-GroceriesTests/Pods-GroceriesTests-resources.sh\"\n";
			showEnvVarsInLog = 0;
		};
		D95903169E6711C8624FF946 /* [CP] Check Pods Manifest.lock */ = {
			isa = PBXShellScriptBuildPhase;
			buildActionMask = 2147483647;
			files = (
			);
			inputPaths = (
			);
			name = "[CP] Check Pods Manifest.lock";
			outputPaths = (
			);
			runOnlyForDeploymentPostprocessing = 0;
			shellPath = /bin/sh;
			shellScript = "diff \"${PODS_ROOT}/../Podfile.lock\" \"${PODS_ROOT}/Manifest.lock\" > /dev/null\nif [ $? != 0 ] ; then\n    # print error to STDERR\n    echo \"error: The sandbox is not in sync with the Podfile.lock. Run 'pod install' or update your CocoaPods installation.\" >&2\n    exit 1\nfi\n";
			showEnvVarsInLog = 0;
		};
		F779E9FD16CEB98E108FCD67 /* [CP] Check Pods Manifest.lock */ = {
			isa = PBXShellScriptBuildPhase;
			buildActionMask = 2147483647;
			files = (
			);
			inputPaths = (
			);
			name = "[CP] Check Pods Manifest.lock";
			outputPaths = (
			);
			runOnlyForDeploymentPostprocessing = 0;
			shellPath = /bin/sh;
			shellScript = "diff \"${PODS_ROOT}/../Podfile.lock\" \"${PODS_ROOT}/Manifest.lock\" > /dev/null\nif [ $? != 0 ] ; then\n    # print error to STDERR\n    echo \"error: The sandbox is not in sync with the Podfile.lock. Run 'pod install' or update your CocoaPods installation.\" >&2\n    exit 1\nfi\n";
			showEnvVarsInLog = 0;
		};
/* End PBXShellScriptBuildPhase section */

/* Begin PBXSourcesBuildPhase section */
		2E0BE4D71E6B4D3D00E08DC1 /* Sources */ = {
			isa = PBXSourcesBuildPhase;
			buildActionMask = 2147483647;
			files = (
				2EBAF2721EEA64190088B878 /* TableViewRow.swift in Sources */,
				2E2415B41EEC81330014CD40 /* UIImage+Images.swift in Sources */,
				2E604F5C1E7CBF5800C65634 /* WebserviceData.swift in Sources */,
				2E5C86521EE4EF5900CB3B38 /* UIColor+Colors.swift in Sources */,
				2E5404D11EE3697900CCDF3A /* BaseCollectionViewCell.swift in Sources */,
				2E604F5B1E7CBF5800C65634 /* TestData.swift in Sources */,
				2ED0E60C1EF6584800F26008 /* AccountButtonTableViewCell.swift in Sources */,
				2E5404C61EE35FA000CCDF3A /* NestedCollectionTableViewCell.swift in Sources */,
				2E4871CC1EAA637400601BDB /* URLSession+Request.swift in Sources */,
				2E1F8DF31F16D336008047BF /* RealmManager+Realms.swift in Sources */,
				2E2415A91EEC6F500014CD40 /* InventoryItem.swift in Sources */,
				2E1996291EEB4BB0003ED39E /* SelectableTableViewCell.swift in Sources */,
				2E2415AF1EEC7A920014CD40 /* StoreCategory.swift in Sources */,
				2E5C864F1EE4A70600CB3B38 /* FatNavigationBar.swift in Sources */,
				2E0BE4DF1E6B4D3D00E08DC1 /* AppDelegate.swift in Sources */,
				2E604F591E7CBF5800C65634 /* Depot.swift in Sources */,
				2E5C864D1EE4A45E00CB3B38 /* FatNavigationController.swift in Sources */,
				2E5404BA1EE356D300CCDF3A /* InventoryViewController.swift in Sources */,
				2EEA7DFB1F143258002E8DEF /* Realm+Utilities.swift in Sources */,
				2ED0E6081EF6583E00F26008 /* AccountFieldTableViewCell.swift in Sources */,
				2E5404CB1EE3618F00CCDF3A /* UITableView+Setup.swift in Sources */,
				2E27807A1EEF48F500CD574C /* ItemList.swift in Sources */,
				2ECC47911F19605A00FB129F /* UIAlertController+CustomAlert.swift in Sources */,
				2E2415AC1EEC78140014CD40 /* SelectItemViewController.swift in Sources */,
				2E2780761EEF47E000CD574C /* ListsViewController.swift in Sources */,
				2E5404B61EE356B100CCDF3A /* HomeViewController.swift in Sources */,
				2E27807D1EEF4CF200CD574C /* ListTableViewCell.swift in Sources */,
				2ED0E6051EF651B500F26008 /* AccountField.swift in Sources */,
				2E604F5A1E7CBF5800C65634 /* LocalDBData.swift in Sources */,
				2EEA7DF41F14182F002E8DEF /* RealmManager.swift in Sources */,
				2E5404CD1EE3689000CCDF3A /* UICollectionView+Setup.swift in Sources */,
				2E5C864A1EE48D7700CB3B38 /* BaseViewController.swift in Sources */,
				2E5404C21EE35F9300CCDF3A /* BaseTableViewCell.swift in Sources */,
				2EBAF2701EEA63480088B878 /* TableViewSection.swift in Sources */,
				2E5404BE1EE356EE00CCDF3A /* AccountViewController.swift in Sources */,
			);
			runOnlyForDeploymentPostprocessing = 0;
		};
		2E0BE4EB1E6B4D3D00E08DC1 /* Sources */ = {
			isa = PBXSourcesBuildPhase;
			buildActionMask = 2147483647;
			files = (
				2EEA7DF71F14246E002E8DEF /* RealmManagerTests.swift in Sources */,
				2E0BE4F41E6B4D3D00E08DC1 /* GroceriesTests.swift in Sources */,
			);
			runOnlyForDeploymentPostprocessing = 0;
		};
		2E0BE4F61E6B4D3D00E08DC1 /* Sources */ = {
			isa = PBXSourcesBuildPhase;
			buildActionMask = 2147483647;
			files = (
				2E0BE4FF1E6B4D3D00E08DC1 /* GroceriesUITests.swift in Sources */,
			);
			runOnlyForDeploymentPostprocessing = 0;
		};
/* End PBXSourcesBuildPhase section */

/* Begin PBXTargetDependency section */
		2E0BE4F11E6B4D3D00E08DC1 /* PBXTargetDependency */ = {
			isa = PBXTargetDependency;
			target = 2E0BE4DA1E6B4D3D00E08DC1 /* Groceries */;
			targetProxy = 2E0BE4F01E6B4D3D00E08DC1 /* PBXContainerItemProxy */;
		};
		2E0BE4FC1E6B4D3D00E08DC1 /* PBXTargetDependency */ = {
			isa = PBXTargetDependency;
			target = 2E0BE4DA1E6B4D3D00E08DC1 /* Groceries */;
			targetProxy = 2E0BE4FB1E6B4D3D00E08DC1 /* PBXContainerItemProxy */;
		};
/* End PBXTargetDependency section */

/* Begin PBXVariantGroup section */
		2E0BE4E71E6B4D3D00E08DC1 /* LaunchScreen.storyboard */ = {
			isa = PBXVariantGroup;
			children = (
				2E0BE4E81E6B4D3D00E08DC1 /* Base */,
			);
			name = LaunchScreen.storyboard;
			sourceTree = "<group>";
		};
/* End PBXVariantGroup section */

/* Begin XCBuildConfiguration section */
		2E0BE5011E6B4D3D00E08DC1 /* Debug */ = {
			isa = XCBuildConfiguration;
			buildSettings = {
				ALWAYS_SEARCH_USER_PATHS = NO;
				CLANG_ANALYZER_NONNULL = YES;
				CLANG_CXX_LANGUAGE_STANDARD = "gnu++0x";
				CLANG_CXX_LIBRARY = "libc++";
				CLANG_ENABLE_MODULES = YES;
				CLANG_ENABLE_OBJC_ARC = YES;
				CLANG_WARN_BOOL_CONVERSION = YES;
				CLANG_WARN_CONSTANT_CONVERSION = YES;
				CLANG_WARN_DIRECT_OBJC_ISA_USAGE = YES_ERROR;
				CLANG_WARN_DOCUMENTATION_COMMENTS = YES;
				CLANG_WARN_EMPTY_BODY = YES;
				CLANG_WARN_ENUM_CONVERSION = YES;
				CLANG_WARN_INFINITE_RECURSION = YES;
				CLANG_WARN_INT_CONVERSION = YES;
				CLANG_WARN_OBJC_ROOT_CLASS = YES_ERROR;
				CLANG_WARN_SUSPICIOUS_MOVE = YES;
				CLANG_WARN_UNREACHABLE_CODE = YES;
				CLANG_WARN__DUPLICATE_METHOD_MATCH = YES;
				"CODE_SIGN_IDENTITY[sdk=iphoneos*]" = "iPhone Developer";
				COPY_PHASE_STRIP = NO;
				DEBUG_INFORMATION_FORMAT = dwarf;
				ENABLE_STRICT_OBJC_MSGSEND = YES;
				ENABLE_TESTABILITY = YES;
				GCC_C_LANGUAGE_STANDARD = gnu99;
				GCC_DYNAMIC_NO_PIC = NO;
				GCC_NO_COMMON_BLOCKS = YES;
				GCC_OPTIMIZATION_LEVEL = 0;
				GCC_PREPROCESSOR_DEFINITIONS = (
					"DEBUG=1",
					"$(inherited)",
				);
				GCC_WARN_64_TO_32_BIT_CONVERSION = YES;
				GCC_WARN_ABOUT_RETURN_TYPE = YES_ERROR;
				GCC_WARN_UNDECLARED_SELECTOR = YES;
				GCC_WARN_UNINITIALIZED_AUTOS = YES_AGGRESSIVE;
				GCC_WARN_UNUSED_FUNCTION = YES;
				GCC_WARN_UNUSED_VARIABLE = YES;
				IPHONEOS_DEPLOYMENT_TARGET = 10.2;
				MTL_ENABLE_DEBUG_INFO = YES;
				ONLY_ACTIVE_ARCH = YES;
				SDKROOT = iphoneos;
				SWIFT_ACTIVE_COMPILATION_CONDITIONS = DEBUG;
				SWIFT_OPTIMIZATION_LEVEL = "-Onone";
				TARGETED_DEVICE_FAMILY = "1,2";
			};
			name = Debug;
		};
		2E0BE5021E6B4D3D00E08DC1 /* Release */ = {
			isa = XCBuildConfiguration;
			buildSettings = {
				ALWAYS_SEARCH_USER_PATHS = NO;
				CLANG_ANALYZER_NONNULL = YES;
				CLANG_CXX_LANGUAGE_STANDARD = "gnu++0x";
				CLANG_CXX_LIBRARY = "libc++";
				CLANG_ENABLE_MODULES = YES;
				CLANG_ENABLE_OBJC_ARC = YES;
				CLANG_WARN_BOOL_CONVERSION = YES;
				CLANG_WARN_CONSTANT_CONVERSION = YES;
				CLANG_WARN_DIRECT_OBJC_ISA_USAGE = YES_ERROR;
				CLANG_WARN_DOCUMENTATION_COMMENTS = YES;
				CLANG_WARN_EMPTY_BODY = YES;
				CLANG_WARN_ENUM_CONVERSION = YES;
				CLANG_WARN_INFINITE_RECURSION = YES;
				CLANG_WARN_INT_CONVERSION = YES;
				CLANG_WARN_OBJC_ROOT_CLASS = YES_ERROR;
				CLANG_WARN_SUSPICIOUS_MOVE = YES;
				CLANG_WARN_UNREACHABLE_CODE = YES;
				CLANG_WARN__DUPLICATE_METHOD_MATCH = YES;
				"CODE_SIGN_IDENTITY[sdk=iphoneos*]" = "iPhone Developer";
				COPY_PHASE_STRIP = NO;
				DEBUG_INFORMATION_FORMAT = "dwarf-with-dsym";
				ENABLE_NS_ASSERTIONS = NO;
				ENABLE_STRICT_OBJC_MSGSEND = YES;
				GCC_C_LANGUAGE_STANDARD = gnu99;
				GCC_NO_COMMON_BLOCKS = YES;
				GCC_WARN_64_TO_32_BIT_CONVERSION = YES;
				GCC_WARN_ABOUT_RETURN_TYPE = YES_ERROR;
				GCC_WARN_UNDECLARED_SELECTOR = YES;
				GCC_WARN_UNINITIALIZED_AUTOS = YES_AGGRESSIVE;
				GCC_WARN_UNUSED_FUNCTION = YES;
				GCC_WARN_UNUSED_VARIABLE = YES;
				IPHONEOS_DEPLOYMENT_TARGET = 10.2;
				MTL_ENABLE_DEBUG_INFO = NO;
				SDKROOT = iphoneos;
				SWIFT_OPTIMIZATION_LEVEL = "-Owholemodule";
				TARGETED_DEVICE_FAMILY = "1,2";
				VALIDATE_PRODUCT = YES;
			};
			name = Release;
		};
		2E0BE5041E6B4D3D00E08DC1 /* Debug */ = {
			isa = XCBuildConfiguration;
			baseConfigurationReference = 5234578D95AC3385AAA20700 /* Pods-Groceries.debug.xcconfig */;
			buildSettings = {
				ASSETCATALOG_COMPILER_APPICON_NAME = AppIcon;
				DEVELOPMENT_TEAM = 2SP6H22NCZ;
				INFOPLIST_FILE = Groceries/Info.plist;
				IPHONEOS_DEPLOYMENT_TARGET = 9.3;
				LD_RUNPATH_SEARCH_PATHS = "$(inherited) @executable_path/Frameworks";
				PRODUCT_BUNDLE_IDENTIFIER = com.greysonwright.Groceries;
				PRODUCT_NAME = "$(TARGET_NAME)";
				SWIFT_VERSION = 3.0;
			};
			name = Debug;
		};
		2E0BE5051E6B4D3D00E08DC1 /* Release */ = {
			isa = XCBuildConfiguration;
			baseConfigurationReference = 43BB8591EB592EC767B3DDE9 /* Pods-Groceries.release.xcconfig */;
			buildSettings = {
				ASSETCATALOG_COMPILER_APPICON_NAME = AppIcon;
				DEVELOPMENT_TEAM = 2SP6H22NCZ;
				INFOPLIST_FILE = Groceries/Info.plist;
				IPHONEOS_DEPLOYMENT_TARGET = 9.3;
				LD_RUNPATH_SEARCH_PATHS = "$(inherited) @executable_path/Frameworks";
				PRODUCT_BUNDLE_IDENTIFIER = com.greysonwright.Groceries;
				PRODUCT_NAME = "$(TARGET_NAME)";
				SWIFT_VERSION = 3.0;
			};
			name = Release;
		};
		2E0BE5071E6B4D3D00E08DC1 /* Debug */ = {
			isa = XCBuildConfiguration;
			baseConfigurationReference = 73085985765006408B851AA9 /* Pods-GroceriesTests.debug.xcconfig */;
			buildSettings = {
				ALWAYS_EMBED_SWIFT_STANDARD_LIBRARIES = YES;
				BUNDLE_LOADER = "$(TEST_HOST)";
				DEVELOPMENT_TEAM = 2SP6H22NCZ;
				INFOPLIST_FILE = GroceriesTests/Info.plist;
				LD_RUNPATH_SEARCH_PATHS = "$(inherited) @executable_path/Frameworks @loader_path/Frameworks";
				PRODUCT_BUNDLE_IDENTIFIER = com.greysonwright.GroceriesTests;
				PRODUCT_NAME = "$(TARGET_NAME)";
				SWIFT_VERSION = 3.0;
				TEST_HOST = "$(BUILT_PRODUCTS_DIR)/Groceries.app/Groceries";
			};
			name = Debug;
		};
		2E0BE5081E6B4D3D00E08DC1 /* Release */ = {
			isa = XCBuildConfiguration;
			baseConfigurationReference = D173F040DFE6D7858DEF46E0 /* Pods-GroceriesTests.release.xcconfig */;
			buildSettings = {
				ALWAYS_EMBED_SWIFT_STANDARD_LIBRARIES = YES;
				BUNDLE_LOADER = "$(TEST_HOST)";
				DEVELOPMENT_TEAM = 2SP6H22NCZ;
				INFOPLIST_FILE = GroceriesTests/Info.plist;
				LD_RUNPATH_SEARCH_PATHS = "$(inherited) @executable_path/Frameworks @loader_path/Frameworks";
				PRODUCT_BUNDLE_IDENTIFIER = com.greysonwright.GroceriesTests;
				PRODUCT_NAME = "$(TARGET_NAME)";
				SWIFT_VERSION = 3.0;
				TEST_HOST = "$(BUILT_PRODUCTS_DIR)/Groceries.app/Groceries";
			};
			name = Release;
		};
		2E0BE50A1E6B4D3D00E08DC1 /* Debug */ = {
			isa = XCBuildConfiguration;
			baseConfigurationReference = D34D231453304AD8FBF3F0E6 /* Pods-GroceriesUITests.debug.xcconfig */;
			buildSettings = {
				ALWAYS_EMBED_SWIFT_STANDARD_LIBRARIES = YES;
				DEVELOPMENT_TEAM = 2SP6H22NCZ;
				INFOPLIST_FILE = GroceriesUITests/Info.plist;
				LD_RUNPATH_SEARCH_PATHS = "$(inherited) @executable_path/Frameworks @loader_path/Frameworks";
				PRODUCT_BUNDLE_IDENTIFIER = com.greysonwright.GroceriesUITests;
				PRODUCT_NAME = "$(TARGET_NAME)";
				SWIFT_VERSION = 3.0;
				TEST_TARGET_NAME = Groceries;
			};
			name = Debug;
		};
		2E0BE50B1E6B4D3D00E08DC1 /* Release */ = {
			isa = XCBuildConfiguration;
			baseConfigurationReference = 64F73A4B42377EE1F5A09A12 /* Pods-GroceriesUITests.release.xcconfig */;
			buildSettings = {
				ALWAYS_EMBED_SWIFT_STANDARD_LIBRARIES = YES;
				DEVELOPMENT_TEAM = 2SP6H22NCZ;
				INFOPLIST_FILE = GroceriesUITests/Info.plist;
				LD_RUNPATH_SEARCH_PATHS = "$(inherited) @executable_path/Frameworks @loader_path/Frameworks";
				PRODUCT_BUNDLE_IDENTIFIER = com.greysonwright.GroceriesUITests;
				PRODUCT_NAME = "$(TARGET_NAME)";
				SWIFT_VERSION = 3.0;
				TEST_TARGET_NAME = Groceries;
			};
			name = Release;
		};
/* End XCBuildConfiguration section */

/* Begin XCConfigurationList section */
		2E0BE4D61E6B4D3D00E08DC1 /* Build configuration list for PBXProject "Groceries" */ = {
			isa = XCConfigurationList;
			buildConfigurations = (
				2E0BE5011E6B4D3D00E08DC1 /* Debug */,
				2E0BE5021E6B4D3D00E08DC1 /* Release */,
			);
			defaultConfigurationIsVisible = 0;
			defaultConfigurationName = Release;
		};
		2E0BE5031E6B4D3D00E08DC1 /* Build configuration list for PBXNativeTarget "Groceries" */ = {
			isa = XCConfigurationList;
			buildConfigurations = (
				2E0BE5041E6B4D3D00E08DC1 /* Debug */,
				2E0BE5051E6B4D3D00E08DC1 /* Release */,
			);
			defaultConfigurationIsVisible = 0;
			defaultConfigurationName = Release;
		};
		2E0BE5061E6B4D3D00E08DC1 /* Build configuration list for PBXNativeTarget "GroceriesTests" */ = {
			isa = XCConfigurationList;
			buildConfigurations = (
				2E0BE5071E6B4D3D00E08DC1 /* Debug */,
				2E0BE5081E6B4D3D00E08DC1 /* Release */,
			);
			defaultConfigurationIsVisible = 0;
			defaultConfigurationName = Release;
		};
		2E0BE5091E6B4D3D00E08DC1 /* Build configuration list for PBXNativeTarget "GroceriesUITests" */ = {
			isa = XCConfigurationList;
			buildConfigurations = (
				2E0BE50A1E6B4D3D00E08DC1 /* Debug */,
				2E0BE50B1E6B4D3D00E08DC1 /* Release */,
			);
			defaultConfigurationIsVisible = 0;
			defaultConfigurationName = Release;
		};
/* End XCConfigurationList section */
	};
	rootObject = 2E0BE4D31E6B4D3D00E08DC1 /* Project object */;
}
